
Microsoft Visual Studio Solution File, Format Version 12.00
# Visual Studio Version 17
VisualStudioVersion = 17.1.32414.318
MinimumVisualStudioVersion = 10.0.40219.1
Project("{9A19103F-16F7-4668-BE54-9A1E7A4F7556}") = "Blazor", "Blazor\Blazor.csproj", "{5C2286D0-D6A7-472B-A60F-6B4C53E564E7}"
EndProject
Project("{9A19103F-16F7-4668-BE54-9A1E7A4F7556}") = "Modelos", "Modelos\Modelos.csproj", "{70C37799-55DD-4B0D-B261-327404E2D0A4}"
EndProject
Project("{9A19103F-16F7-4668-BE54-9A1E7A4F7556}") = "Datos", "Datos\Datos.csproj", "{36150F38-8ADE-4A07-A092-247FA2B4C78B}"
EndProject
Global
	GlobalSection(SolutionConfigurationPlatforms) = preSolution
		Debug|Any CPU = Debug|Any CPU
		Release|Any CPU = Release|Any CPU
	EndGlobalSection
	GlobalSection(ProjectConfigurationPlatforms) = postSolution
		{5C2286D0-D6A7-472B-A60F-6B4C53E564E7}.Debug|Any CPU.ActiveCfg = Debug|Any CPU
		{5C2286D0-D6A7-472B-A60F-6B4C53E564E7}.Debug|Any CPU.Build.0 = Debug|Any CPU
		{5C2286D0-D6A7-472B-A60F-6B4C53E564E7}.Release|Any CPU.ActiveCfg = Release|Any CPU
		{5C2286D0-D6A7-472B-A60F-6B4C53E564E7}.Release|Any CPU.Build.0 = Release|Any CPU
		{70C37799-55DD-4B0D-B261-327404E2D0A4}.Debug|Any CPU.ActiveCfg = Debug|Any CPU
		{70C37799-55DD-4B0D-B261-327404E2D0A4}.Debug|Any CPU.Build.0 = Debug|Any CPU
		{70C37799-55DD-4B0D-B261-327404E2D0A4}.Release|Any CPU.ActiveCfg = Release|Any CPU
		{70C37799-55DD-4B0D-B261-327404E2D0A4}.Release|Any CPU.Build.0 = Release|Any CPU
		{36150F38-8ADE-4A07-A092-247FA2B4C78B}.Debug|Any CPU.ActiveCfg = Debug|Any CPU
		{36150F38-8ADE-4A07-A092-247FA2B4C78B}.Debug|Any CPU.Build.0 = Debug|Any CPU
		{36150F38-8ADE-4A07-A092-247FA2B4C78B}.Release|Any CPU.ActiveCfg = Release|Any CPU
		{36150F38-8ADE-4A07-A092-247FA2B4C78B}.Release|Any CPU.Build.0 = Release|Any CPU
	EndGlobalSection
	GlobalSection(SolutionProperties) = preSolution
		HideSolutionNode = FALSE
	EndGlobalSection
	GlobalSection(ExtensibilityGlobals) = postSolution
		SolutionGuid = {2F2C230D-E660-437B-BCF2-73F0DA5909C1}
	EndGlobalSection
EndGlobal
